// !$*UTF8*$!
{
	archiveVersion = 1;
	classes = {
	};
	objectVersion = 46;
	objects = {

/* Begin PBXBuildFile section */
		1A1962A01A31886B00FDA1FA /* AppDelegate.swift in Sources */ = {isa = PBXBuildFile; fileRef = 1A19629F1A31886B00FDA1FA /* AppDelegate.swift */; };
		1A1962A21A31886B00FDA1FA /* ViewController.swift in Sources */ = {isa = PBXBuildFile; fileRef = 1A1962A11A31886B00FDA1FA /* ViewController.swift */; };
		1A1962A51A31886B00FDA1FA /* Main.storyboard in Resources */ = {isa = PBXBuildFile; fileRef = 1A1962A31A31886B00FDA1FA /* Main.storyboard */; };
		1A1962AA1A31886B00FDA1FA /* LaunchScreen.xib in Resources */ = {isa = PBXBuildFile; fileRef = 1A1962A81A31886B00FDA1FA /* LaunchScreen.xib */; };
		1A1962B61A31886B00FDA1FA /* The_Game_Of_LifeTests.swift in Sources */ = {isa = PBXBuildFile; fileRef = 1A1962B51A31886B00FDA1FA /* The_Game_Of_LifeTests.swift */; };
		1A3D79D31A6066C300382560 /* Images.xcassets in Resources */ = {isa = PBXBuildFile; fileRef = 1A3D79D21A6066C300382560 /* Images.xcassets */; };
		1A54705F1A6E7C940057D11F /* ReadWrite.swift in Sources */ = {isa = PBXBuildFile; fileRef = 1A54705E1A6E7C940057D11F /* ReadWrite.swift */; };
		1ACBB95D1A607BC000F2BFD2 /* Launch Image.PNG in Resources */ = {isa = PBXBuildFile; fileRef = 1ACBB95C1A607BC000F2BFD2 /* Launch Image.PNG */; };
/* End PBXBuildFile section */

/* Begin PBXContainerItemProxy section */
		1A1962B01A31886B00FDA1FA /* PBXContainerItemProxy */ = {
			isa = PBXContainerItemProxy;
			containerPortal = 1A1962921A31886A00FDA1FA /* Project object */;
			proxyType = 1;
			remoteGlobalIDString = 1A1962991A31886A00FDA1FA;
			remoteInfo = "The Game Of Life";
		};
/* End PBXContainerItemProxy section */

/* Begin PBXFileReference section */
		1A19629A1A31886A00FDA1FA /* The Game Of Life.app */ = {isa = PBXFileReference; explicitFileType = wrapper.application; includeInIndex = 0; path = "The Game Of Life.app"; sourceTree = BUILT_PRODUCTS_DIR; };
		1A19629E1A31886B00FDA1FA /* Info.plist */ = {isa = PBXFileReference; lastKnownFileType = text.plist.xml; path = Info.plist; sourceTree = "<group>"; };
		1A19629F1A31886B00FDA1FA /* AppDelegate.swift */ = {isa = PBXFileReference; lastKnownFileType = sourcecode.swift; path = AppDelegate.swift; sourceTree = "<group>"; };
		1A1962A11A31886B00FDA1FA /* ViewController.swift */ = {isa = PBXFileReference; lastKnownFileType = sourcecode.swift; path = ViewController.swift; sourceTree = "<group>"; };
		1A1962A41A31886B00FDA1FA /* Base */ = {isa = PBXFileReference; lastKnownFileType = file.storyboard; name = Base; path = Base.lproj/Main.storyboard; sourceTree = "<group>"; };
		1A1962A91A31886B00FDA1FA /* Base */ = {isa = PBXFileReference; lastKnownFileType = file.xib; name = Base; path = Base.lproj/LaunchScreen.xib; sourceTree = "<group>"; };
		1A1962AF1A31886B00FDA1FA /* The Game Of LifeTests.xctest */ = {isa = PBXFileReference; explicitFileType = wrapper.cfbundle; includeInIndex = 0; path = "The Game Of LifeTests.xctest"; sourceTree = BUILT_PRODUCTS_DIR; };
		1A1962B41A31886B00FDA1FA /* Info.plist */ = {isa = PBXFileReference; lastKnownFileType = text.plist.xml; path = Info.plist; sourceTree = "<group>"; };
		1A1962B51A31886B00FDA1FA /* The_Game_Of_LifeTests.swift */ = {isa = PBXFileReference; lastKnownFileType = sourcecode.swift; path = The_Game_Of_LifeTests.swift; sourceTree = "<group>"; };
		1A3D79D21A6066C300382560 /* Images.xcassets */ = {isa = PBXFileReference; lastKnownFileType = folder.assetcatalog; path = Images.xcassets; sourceTree = "<group>"; };
		1A54705E1A6E7C940057D11F /* ReadWrite.swift */ = {isa = PBXFileReference; fileEncoding = 4; lastKnownFileType = sourcecode.swift; path = ReadWrite.swift; sourceTree = "<group>"; };
		1ACBB95C1A607BC000F2BFD2 /* Launch Image.PNG */ = {isa = PBXFileReference; lastKnownFileType = image.png; path = "Launch Image.PNG"; sourceTree = "<group>"; };
/* End PBXFileReference section */

/* Begin PBXFrameworksBuildPhase section */
		1A1962971A31886A00FDA1FA /* Frameworks */ = {
			isa = PBXFrameworksBuildPhase;
			buildActionMask = 2147483647;
			files = (
			);
			runOnlyForDeploymentPostprocessing = 0;
		};
		1A1962AC1A31886B00FDA1FA /* Frameworks */ = {
			isa = PBXFrameworksBuildPhase;
			buildActionMask = 2147483647;
			files = (
			);
			runOnlyForDeploymentPostprocessing = 0;
		};
/* End PBXFrameworksBuildPhase section */

/* Begin PBXGroup section */
		1A1962911A31886A00FDA1FA = {
			isa = PBXGroup;
			children = (
				1A19629C1A31886A00FDA1FA /* The Game Of Life */,
				1A1962B21A31886B00FDA1FA /* The Game Of LifeTests */,
				1A19629B1A31886A00FDA1FA /* Products */,
			);
			sourceTree = "<group>";
		};
		1A19629B1A31886A00FDA1FA /* Products */ = {
			isa = PBXGroup;
			children = (
				1A19629A1A31886A00FDA1FA /* The Game Of Life.app */,
				1A1962AF1A31886B00FDA1FA /* The Game Of LifeTests.xctest */,
			);
			name = Products;
			sourceTree = "<group>";
		};
		1A19629C1A31886A00FDA1FA /* The Game Of Life */ = {
			isa = PBXGroup;
			children = (
				1A19629F1A31886B00FDA1FA /* AppDelegate.swift */,
				1A1962A11A31886B00FDA1FA /* ViewController.swift */,
				1A54705E1A6E7C940057D11F /* ReadWrite.swift */,
				1A1962A31A31886B00FDA1FA /* Main.storyboard */,
				1A1962A81A31886B00FDA1FA /* LaunchScreen.xib */,
				1ACBB95C1A607BC000F2BFD2 /* Launch Image.PNG */,
				1A3D79D21A6066C300382560 /* Images.xcassets */,
				1A19629D1A31886A00FDA1FA /* Supporting Files */,
			);
			path = "The Game Of Life";
			sourceTree = "<group>";
		};
		1A19629D1A31886A00FDA1FA /* Supporting Files */ = {
			isa = PBXGroup;
			children = (
				1A19629E1A31886B00FDA1FA /* Info.plist */,
			);
			name = "Supporting Files";
			sourceTree = "<group>";
		};
		1A1962B21A31886B00FDA1FA /* The Game Of LifeTests */ = {
			isa = PBXGroup;
			children = (
				1A1962B51A31886B00FDA1FA /* The_Game_Of_LifeTests.swift */,
				1A1962B31A31886B00FDA1FA /* Supporting Files */,
			);
			path = "The Game Of LifeTests";
			sourceTree = "<group>";
		};
		1A1962B31A31886B00FDA1FA /* Supporting Files */ = {
			isa = PBXGroup;
			children = (
				1A1962B41A31886B00FDA1FA /* Info.plist */,
			);
			name = "Supporting Files";
			sourceTree = "<group>";
		};
/* End PBXGroup section */

/* Begin PBXNativeTarget section */
		1A1962991A31886A00FDA1FA /* The Game Of Life */ = {
			isa = PBXNativeTarget;
			buildConfigurationList = 1A1962B91A31886B00FDA1FA /* Build configuration list for PBXNativeTarget "The Game Of Life" */;
			buildPhases = (
				1A1962961A31886A00FDA1FA /* Sources */,
				1A1962971A31886A00FDA1FA /* Frameworks */,
				1A1962981A31886A00FDA1FA /* Resources */,
			);
			buildRules = (
			);
			dependencies = (
			);
			name = "The Game Of Life";
			productName = "The Game Of Life";
			productReference = 1A19629A1A31886A00FDA1FA /* The Game Of Life.app */;
			productType = "com.apple.product-type.application";
		};
		1A1962AE1A31886B00FDA1FA /* The Game Of LifeTests */ = {
			isa = PBXNativeTarget;
			buildConfigurationList = 1A1962BC1A31886B00FDA1FA /* Build configuration list for PBXNativeTarget "The Game Of LifeTests" */;
			buildPhases = (
				1A1962AB1A31886B00FDA1FA /* Sources */,
				1A1962AC1A31886B00FDA1FA /* Frameworks */,
				1A1962AD1A31886B00FDA1FA /* Resources */,
			);
			buildRules = (
			);
			dependencies = (
				1A1962B11A31886B00FDA1FA /* PBXTargetDependency */,
			);
			name = "The Game Of LifeTests";
			productName = "The Game Of LifeTests";
			productReference = 1A1962AF1A31886B00FDA1FA /* The Game Of LifeTests.xctest */;
			productType = "com.apple.product-type.bundle.unit-test";
		};
/* End PBXNativeTarget section */

/* Begin PBXProject section */
		1A1962921A31886A00FDA1FA /* Project object */ = {
			isa = PBXProject;
			attributes = {
				LastSwiftMigration = 0720;
				LastSwiftUpdateCheck = 0700;
				LastUpgradeCheck = 0610;
				ORGANIZATIONNAME = "Dmitry Kozlov";
				TargetAttributes = {
					1A1962991A31886A00FDA1FA = {
						CreatedOnToolsVersion = 6.1;
						DevelopmentTeam = 4SKGMS5RZB;
					};
					1A1962AE1A31886B00FDA1FA = {
						CreatedOnToolsVersion = 6.1;
						DevelopmentTeam = 4SKGMS5RZB;
						TestTargetID = 1A1962991A31886A00FDA1FA;
					};
				};
			};
			buildConfigurationList = 1A1962951A31886A00FDA1FA /* Build configuration list for PBXProject "The Game Of Life" */;
			compatibilityVersion = "Xcode 3.2";
			developmentRegion = English;
			hasScannedForEncodings = 0;
			knownRegions = (
				en,
				Base,
			);
			mainGroup = 1A1962911A31886A00FDA1FA;
			productRefGroup = 1A19629B1A31886A00FDA1FA /* Products */;
			projectDirPath = "";
			projectRoot = "";
			targets = (
				1A1962991A31886A00FDA1FA /* The Game Of Life */,
				1A1962AE1A31886B00FDA1FA /* The Game Of LifeTests */,
			);
		};
/* End PBXProject section */

/* Begin PBXResourcesBuildPhase section */
		1A1962981A31886A00FDA1FA /* Resources */ = {
			isa = PBXResourcesBuildPhase;
			buildActionMask = 2147483647;
			files = (
				1A3D79D31A6066C300382560 /* Images.xcassets in Resources */,
				1ACBB95D1A607BC000F2BFD2 /* Launch Image.PNG in Resources */,
				1A1962A51A31886B00FDA1FA /* Main.storyboard in Resources */,
				1A1962AA1A31886B00FDA1FA /* LaunchScreen.xib in Resources */,
			);
			runOnlyForDeploymentPostprocessing = 0;
		};
		1A1962AD1A31886B00FDA1FA /* Resources */ = {
			isa = PBXResourcesBuildPhase;
			buildActionMask = 2147483647;
			files = (
			);
			runOnlyForDeploymentPostprocessing = 0;
		};
/* End PBXResourcesBuildPhase section */

/* Begin PBXSourcesBuildPhase section */
		1A1962961A31886A00FDA1FA /* Sources */ = {
			isa = PBXSourcesBuildPhase;
			buildActionMask = 2147483647;
			files = (
				1A1962A21A31886B00FDA1FA /* ViewController.swift in Sources */,
				1A1962A01A31886B00FDA1FA /* AppDelegate.swift in Sources */,
				1A54705F1A6E7C940057D11F /* ReadWrite.swift in Sources */,
			);
			runOnlyForDeploymentPostprocessing = 0;
		};
		1A1962AB1A31886B00FDA1FA /* Sources */ = {
			isa = PBXSourcesBuildPhase;
			buildActionMask = 2147483647;
			files = (
				1A1962B61A31886B00FDA1FA /* The_Game_Of_LifeTests.swift in Sources */,
			);
			runOnlyForDeploymentPostprocessing = 0;
		};
/* End PBXSourcesBuildPhase section */

/* Begin PBXTargetDependency section */
		1A1962B11A31886B00FDA1FA /* PBXTargetDependency */ = {
			isa = PBXTargetDependency;
			target = 1A1962991A31886A00FDA1FA /* The Game Of Life */;
			targetProxy = 1A1962B01A31886B00FDA1FA /* PBXContainerItemProxy */;
		};
/* End PBXTargetDependency section */

/* Begin PBXVariantGroup section */
		1A1962A31A31886B00FDA1FA /* Main.storyboard */ = {
			isa = PBXVariantGroup;
			children = (
				1A1962A41A31886B00FDA1FA /* Base */,
			);
			name = Main.storyboard;
			sourceTree = "<group>";
		};
		1A1962A81A31886B00FDA1FA /* LaunchScreen.xib */ = {
			isa = PBXVariantGroup;
			children = (
				1A1962A91A31886B00FDA1FA /* Base */,
			);
			name = LaunchScreen.xib;
			sourceTree = "<group>";
		};
/* End PBXVariantGroup section */

/* Begin XCBuildConfiguration section */
		1A1962B71A31886B00FDA1FA /* Debug */ = {
			isa = XCBuildConfiguration;
			buildSettings = {
				ALWAYS_SEARCH_USER_PATHS = NO;
				CLANG_CXX_LANGUAGE_STANDARD = "gnu++0x";
				CLANG_CXX_LIBRARY = "libc++";
				CLANG_ENABLE_MODULES = YES;
				CLANG_ENABLE_OBJC_ARC = YES;
				CLANG_WARN_BOOL_CONVERSION = YES;
				CLANG_WARN_CONSTANT_CONVERSION = YES;
				CLANG_WARN_DIRECT_OBJC_ISA_USAGE = YES_ERROR;
				CLANG_WARN_EMPTY_BODY = YES;
				CLANG_WARN_ENUM_CONVERSION = YES;
				CLANG_WARN_INT_CONVERSION = YES;
				CLANG_WARN_OBJC_ROOT_CLASS = YES_ERROR;
				CLANG_WARN_UNREACHABLE_CODE = YES;
				CLANG_WARN__DUPLICATE_METHOD_MATCH = YES;
				"CODE_SIGN_IDENTITY[sdk=iphoneos*]" = "iPhone Developer";
				COPY_PHASE_STRIP = NO;
				ENABLE_STRICT_OBJC_MSGSEND = YES;
				GCC_C_LANGUAGE_STANDARD = gnu99;
				GCC_DYNAMIC_NO_PIC = NO;
				GCC_OPTIMIZATION_LEVEL = 0;
				GCC_PREPROCESSOR_DEFINITIONS = (
					"DEBUG=1",
					"$(inherited)",
				);
				GCC_SYMBOLS_PRIVATE_EXTERN = NO;
				GCC_WARN_64_TO_32_BIT_CONVERSION = YES;
				GCC_WARN_ABOUT_RETURN_TYPE = YES_ERROR;
				GCC_WARN_UNDECLARED_SELECTOR = YES;
				GCC_WARN_UNINITIALIZED_AUTOS = YES_AGGRESSIVE;
				GCC_WARN_UNUSED_FUNCTION = YES;
				GCC_WARN_UNUSED_VARIABLE = YES;
				IPHONEOS_DEPLOYMENT_TARGET = 8.1;
				MTL_ENABLE_DEBUG_INFO = YES;
				ONLY_ACTIVE_ARCH = YES;
				SDKROOT = iphoneos;
				SWIFT_OPTIMIZATION_LEVEL = "-Onone";
				TARGETED_DEVICE_FAMILY = 2;
			};
			name = Debug;
		};
		1A1962B81A31886B00FDA1FA /* Release */ = {
			isa = XCBuildConfiguration;
			buildSettings = {
				ALWAYS_SEARCH_USER_PATHS = NO;
				CLANG_CXX_LANGUAGE_STANDARD = "gnu++0x";
				CLANG_CXX_LIBRARY = "libc++";
				CLANG_ENABLE_MODULES = YES;
				CLANG_ENABLE_OBJC_ARC = YES;
				CLANG_WARN_BOOL_CONVERSION = YES;
				CLANG_WARN_CONSTANT_CONVERSION = YES;
				CLANG_WARN_DIRECT_OBJC_ISA_USAGE = YES_ERROR;
				CLANG_WARN_EMPTY_BODY = YES;
				CLANG_WARN_ENUM_CONVERSION = YES;
				CLANG_WARN_INT_CONVERSION = YES;
				CLANG_WARN_OBJC_ROOT_CLASS = YES_ERROR;
				CLANG_WARN_UNREACHABLE_CODE = YES;
				CLANG_WARN__DUPLICATE_METHOD_MATCH = YES;
				"CODE_SIGN_IDENTITY[sdk=iphoneos*]" = "iPhone Developer";
				COPY_PHASE_STRIP = YES;
				ENABLE_NS_ASSERTIONS = NO;
				ENABLE_STRICT_OBJC_MSGSEND = YES;
				GCC_C_LANGUAGE_STANDARD = gnu99;
				GCC_WARN_64_TO_32_BIT_CONVERSION = YES;
				GCC_WARN_ABOUT_RETURN_TYPE = YES_ERROR;
				GCC_WARN_UNDECLARED_SELECTOR = YES;
				GCC_WARN_UNINITIALIZED_AUTOS = YES_AGGRESSIVE;
				GCC_WARN_UNUSED_FUNCTION = YES;
				GCC_WARN_UNUSED_VARIABLE = YES;
				IPHONEOS_DEPLOYMENT_TARGET = 8.1;
				MTL_ENABLE_DEBUG_INFO = NO;
				SDKROOT = iphoneos;
				TARGETED_DEVICE_FAMILY = 2;
				VALIDATE_PRODUCT = YES;
			};
			name = Release;
		};
		1A1962BA1A31886B00FDA1FA /* Debug */ = {
			isa = XCBuildConfiguration;
			buildSettings = {
				ASSETCATALOG_COMPILER_APPICON_NAME = AppIcon;
				CODE_SIGN_IDENTITY = "iPhone Distribution";
				"CODE_SIGN_IDENTITY[sdk=iphoneos*]" = "iPhone Developer";
				INFOPLIST_FILE = "The Game Of Life/Info.plist";
				IPHONEOS_DEPLOYMENT_TARGET = 8.0;
				LD_RUNPATH_SEARCH_PATHS = "$(inherited) @executable_path/Frameworks";
				PRODUCT_NAME = "$(TARGET_NAME)";
				PROVISIONING_PROFILE = "";
				SWIFT_OPTIMIZATION_LEVEL = "-Ounchecked";
				TARGETED_DEVICE_FAMILY = "1,2";
			};
			name = Debug;
		};
		1A1962BB1A31886B00FDA1FA /* Release */ = {
			isa = XCBuildConfiguration;
			buildSettings = {
				ASSETCATALOG_COMPILER_APPICON_NAME = AppIcon;
				CODE_SIGN_IDENTITY = "iPhone Distribution";
				"CODE_SIGN_IDENTITY[sdk=iphoneos*]" = "iPhone Developer";
				INFOPLIST_FILE = "The Game Of Life/Info.plist";
				IPHONEOS_DEPLOYMENT_TARGET = 8.0;
				LD_RUNPATH_SEARCH_PATHS = "$(inherited) @executable_path/Frameworks";
				PRODUCT_NAME = "$(TARGET_NAME)";
				PROVISIONING_PROFILE = "";
				TARGETED_DEVICE_FAMILY = "1,2";
			};
			name = Release;
		};
		1A1962BD1A31886B00FDA1FA /* Debug */ = {
			isa = XCBuildConfiguration;
			buildSettings = {
				BUNDLE_LOADER = "$(TEST_HOST)";
				CODE_SIGN_IDENTITY = "iPhone Developer";
				"CODE_SIGN_IDENTITY[sdk=iphoneos*]" = "iPhone Developer";
				FRAMEWORK_SEARCH_PATHS = (
					"$(SDKROOT)/Developer/Library/Frameworks",
					"$(inherited)",
				);
				GCC_PREPROCESSOR_DEFINITIONS = (
					"DEBUG=1",
					"$(inherited)",
				);
				INFOPLIST_FILE = "The Game Of LifeTests/Info.plist";
				LD_RUNPATH_SEARCH_PATHS = "$(inherited) @executable_path/Frameworks @loader_path/Frameworks";
				PRODUCT_NAME = "$(TARGET_NAME)";
				PROVISIONING_PROFILE = "";
				TEST_HOST = "$(BUILT_PRODUCTS_DIR)/The Game Of Life.app/The Game Of Life";
			};
			name = Debug;
		};
		1A1962BE1A31886B00FDA1FA /* Release */ = {
			isa = XCBuildConfiguration;
			buildSettings = {
				BUNDLE_LOADER = "$(TEST_HOST)";
				CODE_SIGN_IDENTITY = "iPhone Developer";
				"CODE_SIGN_IDENTITY[sdk=iphoneos*]" = "iPhone Developer";
				FRAMEWORK_SEARCH_PATHS = (
					"$(SDKROOT)/Developer/Library/Frameworks",
					"$(inherited)",
				);
				INFOPLIST_FILE = "The Game Of LifeTests/Info.plist";
				LD_RUNPATH_SEARCH_PATHS = "$(inherited) @executable_path/Frameworks @loader_path/Frameworks";
				PRODUCT_NAME = "$(TARGET_NAME)";
				PROVISIONING_PROFILE = "";
				TEST_HOST = "$(BUILT_PRODUCTS_DIR)/The Game Of Life.app/The Game Of Life";
			};
			name = Release;
		};
/* End XCBuildConfiguration section */

/* Begin XCConfigurationList section */
		1A1962951A31886A00FDA1FA /* Build configuration list for PBXProject "The Game Of Life" */ = {
			isa = XCConfigurationList;
			buildConfigurations = (
				1A1962B71A31886B00FDA1FA /* Debug */,
				1A1962B81A31886B00FDA1FA /* Release */,
			);
			defaultConfigurationIsVisible = 0;
			defaultConfigurationName = Release;
		};
		1A1962B91A31886B00FDA1FA /* Build configuration list for PBXNativeTarget "The Game Of Life" */ = {
			isa = XCConfigurationList;
			buildConfigurations = (
				1A1962BA1A31886B00FDA1FA /* Debug */,
				1A1962BB1A31886B00FDA1FA /* Release */,
			);
			defaultConfigurationIsVisible = 0;
			defaultConfigurationName = Release;
		};
		1A1962BC1A31886B00FDA1FA /* Build configuration list for PBXNativeTarget "The Game Of LifeTests" */ = {
			isa = XCConfigurationList;
			buildConfigurations = (
				1A1962BD1A31886B00FDA1FA /* Debug */,
				1A1962BE1A31886B00FDA1FA /* Release */,
			);
			defaultConfigurationIsVisible = 0;
			defaultConfigurationName = Release;
		};
/* End XCConfigurationList section */
	};
	rootObject = 1A1962921A31886A00FDA1FA /* Project object */;
}
